
Microsoft Visual Studio Solution File, Format Version 12.00
# Visual Studio Version 17
VisualStudioVersion = 17.7.34031.279
MinimumVisualStudioVersion = 10.0.40219.1
Project("{FAE04EC0-301F-11D3-BF4B-00C04F79EFBC}") = "EFCoreRelationShipsTutorial", "EFCoreRelationShipsTutorial\EFCoreRelationShipsTutorial.csproj", "{489D1BA6-67DD-4422-87B3-2777A7280A12}"
EndProject
Global
	GlobalSection(SolutionConfigurationPlatforms) = preSolution
		Debug|Any CPU = Debug|Any CPU
		Release|Any CPU = Release|Any CPU
	EndGlobalSection
	GlobalSection(ProjectConfigurationPlatforms) = postSolution
		{489D1BA6-67DD-4422-87B3-2777A7280A12}.Debug|Any CPU.ActiveCfg = Debug|Any CPU
		{489D1BA6-67DD-4422-87B3-2777A7280A12}.Debug|Any CPU.Build.0 = Debug|Any CPU
		{489D1BA6-67DD-4422-87B3-2777A7280A12}.Release|Any CPU.ActiveCfg = Release|Any CPU
		{489D1BA6-67DD-4422-87B3-2777A7280A12}.Release|Any CPU.Build.0 = Release|Any CPU
	EndGlobalSection
	GlobalSection(SolutionProperties) = preSolution
		HideSolutionNode = FALSE
	EndGlobalSection
	GlobalSection(ExtensibilityGlobals) = postSolution
		SolutionGuid = {94087F47-92E4-43B2-B3CC-DA7E9109F970}
	EndGlobalSection
EndGlobal
